// !$*UTF8*$!
{
	archiveVersion = 1;
	classes = {
	};
	objectVersion = 48;
	objects = {

/* Begin PBXBuildFile section */
		632CE7ACA32FFFBAE5FA50A5 /* Pods_bbsApp.framework in Frameworks */ = {isa = PBXBuildFile; fileRef = 6C1A6A98B4D328E2F6B3B90B /* Pods_bbsApp.framework */; };
		8E1872B21FE36C2F0047C767 /* MostRecentViewController.swift in Sources */ = {isa = PBXBuildFile; fileRef = 8E1872B11FE36C2F0047C767 /* MostRecentViewController.swift */; };
		8E3AFF3C1FE34C6600754338 /* MostViewedViewController.swift in Sources */ = {isa = PBXBuildFile; fileRef = 8E3AFF3B1FE34C6600754338 /* MostViewedViewController.swift */; };
		8E3AFF3E1FE34C8000754338 /* MeViewController.swift in Sources */ = {isa = PBXBuildFile; fileRef = 8E3AFF3D1FE34C8000754338 /* MeViewController.swift */; };
		BD23D0A31FDCB26E0037785E /* AppDelegate.swift in Sources */ = {isa = PBXBuildFile; fileRef = BD23D0A21FDCB26E0037785E /* AppDelegate.swift */; };
		BD23D0A51FDCB26E0037785E /* ViewController.swift in Sources */ = {isa = PBXBuildFile; fileRef = BD23D0A41FDCB26E0037785E /* ViewController.swift */; };
		BD23D0A81FDCB26E0037785E /* Main.storyboard in Resources */ = {isa = PBXBuildFile; fileRef = BD23D0A61FDCB26E0037785E /* Main.storyboard */; };
		BD23D0AA1FDCB26E0037785E /* Assets.xcassets in Resources */ = {isa = PBXBuildFile; fileRef = BD23D0A91FDCB26E0037785E /* Assets.xcassets */; };
		BD23D0AD1FDCB26E0037785E /* LaunchScreen.storyboard in Resources */ = {isa = PBXBuildFile; fileRef = BD23D0AB1FDCB26E0037785E /* LaunchScreen.storyboard */; };
		BD23D0B51FDCB2EB0037785E /* GoogleService-Info.plist in Resources */ = {isa = PBXBuildFile; fileRef = BD23D0B41FDCB2EB0037785E /* GoogleService-Info.plist */; };
		BD23D0B91FDCC6A30037785E /* textViewController.swift in Sources */ = {isa = PBXBuildFile; fileRef = BD23D0B81FDCC6A30037785E /* textViewController.swift */; };
		BD4367391FDEFDE700C04CF0 /* commentViewController.swift in Sources */ = {isa = PBXBuildFile; fileRef = BD4367381FDEFDE700C04CF0 /* commentViewController.swift */; };
		BDB1A6BE1FDD362D006D3FF6 /* composeViewController.swift in Sources */ = {isa = PBXBuildFile; fileRef = BDB1A6BD1FDD362D006D3FF6 /* composeViewController.swift */; };
/* End PBXBuildFile section */

/* Begin PBXFileReference section */
		4876A5A1843CFD9D88E06DC3 /* Pods-bbsApp.release.xcconfig */ = {isa = PBXFileReference; includeInIndex = 1; lastKnownFileType = text.xcconfig; name = "Pods-bbsApp.release.xcconfig"; path = "Pods/Target Support Files/Pods-bbsApp/Pods-bbsApp.release.xcconfig"; sourceTree = "<group>"; };
		54106631ECE30DB15730784B /* Pods-bbsApp.debug.xcconfig */ = {isa = PBXFileReference; includeInIndex = 1; lastKnownFileType = text.xcconfig; name = "Pods-bbsApp.debug.xcconfig"; path = "Pods/Target Support Files/Pods-bbsApp/Pods-bbsApp.debug.xcconfig"; sourceTree = "<group>"; };
		6C1A6A98B4D328E2F6B3B90B /* Pods_bbsApp.framework */ = {isa = PBXFileReference; explicitFileType = wrapper.framework; includeInIndex = 0; path = Pods_bbsApp.framework; sourceTree = BUILT_PRODUCTS_DIR; };
		8E1872B11FE36C2F0047C767 /* MostRecentViewController.swift */ = {isa = PBXFileReference; lastKnownFileType = sourcecode.swift; path = MostRecentViewController.swift; sourceTree = "<group>"; };
		8E3AFF3B1FE34C6600754338 /* MostViewedViewController.swift */ = {isa = PBXFileReference; lastKnownFileType = sourcecode.swift; path = MostViewedViewController.swift; sourceTree = "<group>"; };
		8E3AFF3D1FE34C8000754338 /* MeViewController.swift */ = {isa = PBXFileReference; lastKnownFileType = sourcecode.swift; path = MeViewController.swift; sourceTree = "<group>"; };
		BD23D09F1FDCB26E0037785E /* bbsApp.app */ = {isa = PBXFileReference; explicitFileType = wrapper.application; includeInIndex = 0; path = bbsApp.app; sourceTree = BUILT_PRODUCTS_DIR; };
		BD23D0A21FDCB26E0037785E /* AppDelegate.swift */ = {isa = PBXFileReference; lastKnownFileType = sourcecode.swift; path = AppDelegate.swift; sourceTree = "<group>"; };
		BD23D0A41FDCB26E0037785E /* ViewController.swift */ = {isa = PBXFileReference; lastKnownFileType = sourcecode.swift; path = ViewController.swift; sourceTree = "<group>"; };
		BD23D0A71FDCB26E0037785E /* Base */ = {isa = PBXFileReference; lastKnownFileType = file.storyboard; name = Base; path = Base.lproj/Main.storyboard; sourceTree = "<group>"; };
		BD23D0A91FDCB26E0037785E /* Assets.xcassets */ = {isa = PBXFileReference; lastKnownFileType = folder.assetcatalog; path = Assets.xcassets; sourceTree = "<group>"; };
		BD23D0AC1FDCB26E0037785E /* Base */ = {isa = PBXFileReference; lastKnownFileType = file.storyboard; name = Base; path = Base.lproj/LaunchScreen.storyboard; sourceTree = "<group>"; };
		BD23D0AE1FDCB26E0037785E /* Info.plist */ = {isa = PBXFileReference; lastKnownFileType = text.plist.xml; path = Info.plist; sourceTree = "<group>"; };
		BD23D0B41FDCB2EB0037785E /* GoogleService-Info.plist */ = {isa = PBXFileReference; fileEncoding = 4; lastKnownFileType = text.plist.xml; path = "GoogleService-Info.plist"; sourceTree = "<group>"; };
		BD23D0B81FDCC6A30037785E /* textViewController.swift */ = {isa = PBXFileReference; lastKnownFileType = sourcecode.swift; path = textViewController.swift; sourceTree = "<group>"; };
		BD4367381FDEFDE700C04CF0 /* commentViewController.swift */ = {isa = PBXFileReference; lastKnownFileType = sourcecode.swift; path = commentViewController.swift; sourceTree = "<group>"; };
		BDB1A6BD1FDD362D006D3FF6 /* composeViewController.swift */ = {isa = PBXFileReference; lastKnownFileType = sourcecode.swift; path = composeViewController.swift; sourceTree = "<group>"; };
/* End PBXFileReference section */

/* Begin PBXFrameworksBuildPhase section */
		BD23D09C1FDCB26E0037785E /* Frameworks */ = {
			isa = PBXFrameworksBuildPhase;
			buildActionMask = 2147483647;
			files = (
				632CE7ACA32FFFBAE5FA50A5 /* Pods_bbsApp.framework in Frameworks */,
			);
			runOnlyForDeploymentPostprocessing = 0;
		};
/* End PBXFrameworksBuildPhase section */

/* Begin PBXGroup section */
		2676C9872338A8F370C99E68 /* Pods */ = {
			isa = PBXGroup;
			children = (
				54106631ECE30DB15730784B /* Pods-bbsApp.debug.xcconfig */,
				4876A5A1843CFD9D88E06DC3 /* Pods-bbsApp.release.xcconfig */,
			);
			name = Pods;
			sourceTree = "<group>";
		};
		8E748FBC9DD6C8DC994CB7C5 /* Frameworks */ = {
			isa = PBXGroup;
			children = (
				6C1A6A98B4D328E2F6B3B90B /* Pods_bbsApp.framework */,
			);
			name = Frameworks;
			sourceTree = "<group>";
		};
		BD23D0961FDCB26E0037785E = {
			isa = PBXGroup;
			children = (
				BD23D0A11FDCB26E0037785E /* bbsApp */,
				BD23D0A01FDCB26E0037785E /* Products */,
				2676C9872338A8F370C99E68 /* Pods */,
				8E748FBC9DD6C8DC994CB7C5 /* Frameworks */,
			);
			sourceTree = "<group>";
		};
		BD23D0A01FDCB26E0037785E /* Products */ = {
			isa = PBXGroup;
			children = (
				BD23D09F1FDCB26E0037785E /* bbsApp.app */,
			);
			name = Products;
			sourceTree = "<group>";
		};
		BD23D0A11FDCB26E0037785E /* bbsApp */ = {
			isa = PBXGroup;
			children = (
				BD23D0A21FDCB26E0037785E /* AppDelegate.swift */,
				BD23D0A41FDCB26E0037785E /* ViewController.swift */,
				BD23D0B81FDCC6A30037785E /* textViewController.swift */,
				BDB1A6BD1FDD362D006D3FF6 /* composeViewController.swift */,
				8E3AFF3B1FE34C6600754338 /* MostViewedViewController.swift */,
				8E1872B11FE36C2F0047C767 /* MostRecentViewController.swift */,
				8E3AFF3D1FE34C8000754338 /* MeViewController.swift */,
				BD4367381FDEFDE700C04CF0 /* commentViewController.swift */,
				BD23D0A61FDCB26E0037785E /* Main.storyboard */,
				BD23D0A91FDCB26E0037785E /* Assets.xcassets */,
				BD23D0AB1FDCB26E0037785E /* LaunchScreen.storyboard */,
				BD23D0AE1FDCB26E0037785E /* Info.plist */,
				BD23D0B41FDCB2EB0037785E /* GoogleService-Info.plist */,
			);
			path = bbsApp;
			sourceTree = "<group>";
		};
/* End PBXGroup section */

/* Begin PBXNativeTarget section */
		BD23D09E1FDCB26E0037785E /* bbsApp */ = {
			isa = PBXNativeTarget;
			buildConfigurationList = BD23D0B11FDCB26E0037785E /* Build configuration list for PBXNativeTarget "bbsApp" */;
			buildPhases = (
				5BD0A8EA4BB6A02B1C41A4AE /* [CP] Check Pods Manifest.lock */,
				BD23D09B1FDCB26E0037785E /* Sources */,
				BD23D09C1FDCB26E0037785E /* Frameworks */,
				BD23D09D1FDCB26E0037785E /* Resources */,
				1D5398666F5BAF9715CE2E65 /* [CP] Embed Pods Frameworks */,
				EF5C8A66215AD5A15F331F5E /* [CP] Copy Pods Resources */,
			);
			buildRules = (
			);
			dependencies = (
			);
			name = bbsApp;
			productName = bbsApp;
			productReference = BD23D09F1FDCB26E0037785E /* bbsApp.app */;
			productType = "com.apple.product-type.application";
		};
/* End PBXNativeTarget section */

/* Begin PBXProject section */
		BD23D0971FDCB26E0037785E /* Project object */ = {
			isa = PBXProject;
			attributes = {
				LastSwiftUpdateCheck = 0910;
				LastUpgradeCheck = 0910;
				ORGANIZATIONNAME = "Yanrui Wang";
				TargetAttributes = {
					BD23D09E1FDCB26E0037785E = {
						CreatedOnToolsVersion = 9.1;
						ProvisioningStyle = Automatic;
					};
				};
			};
			buildConfigurationList = BD23D09A1FDCB26E0037785E /* Build configuration list for PBXProject "bbsApp" */;
			compatibilityVersion = "Xcode 8.0";
			developmentRegion = en;
			hasScannedForEncodings = 0;
			knownRegions = (
				en,
				Base,
			);
			mainGroup = BD23D0961FDCB26E0037785E;
			productRefGroup = BD23D0A01FDCB26E0037785E /* Products */;
			projectDirPath = "";
			projectRoot = "";
			targets = (
				BD23D09E1FDCB26E0037785E /* bbsApp */,
			);
		};
/* End PBXProject section */

/* Begin PBXResourcesBuildPhase section */
		BD23D09D1FDCB26E0037785E /* Resources */ = {
			isa = PBXResourcesBuildPhase;
			buildActionMask = 2147483647;
			files = (
				BD23D0AD1FDCB26E0037785E /* LaunchScreen.storyboard in Resources */,
				BD23D0B51FDCB2EB0037785E /* GoogleService-Info.plist in Resources */,
				BD23D0AA1FDCB26E0037785E /* Assets.xcassets in Resources */,
				BD23D0A81FDCB26E0037785E /* Main.storyboard in Resources */,
			);
			runOnlyForDeploymentPostprocessing = 0;
		};
/* End PBXResourcesBuildPhase section */

/* Begin PBXShellScriptBuildPhase section */
		1D5398666F5BAF9715CE2E65 /* [CP] Embed Pods Frameworks */ = {
			isa = PBXShellScriptBuildPhase;
			buildActionMask = 2147483647;
			files = (
			);
			inputPaths = (
				"${SRCROOT}/Pods/Target Support Files/Pods-bbsApp/Pods-bbsApp-frameworks.sh",
				"${BUILT_PRODUCTS_DIR}/GTMSessionFetcher/GTMSessionFetcher.framework",
				"${BUILT_PRODUCTS_DIR}/GoogleToolboxForMac/GoogleToolboxForMac.framework",
				"${BUILT_PRODUCTS_DIR}/leveldb-library/leveldb.framework",
				"${BUILT_PRODUCTS_DIR}/nanopb/nanopb.framework",
			);
			name = "[CP] Embed Pods Frameworks";
			outputPaths = (
				"${TARGET_BUILD_DIR}/${FRAMEWORKS_FOLDER_PATH}/GTMSessionFetcher.framework",
				"${TARGET_BUILD_DIR}/${FRAMEWORKS_FOLDER_PATH}/GoogleToolboxForMac.framework",
				"${TARGET_BUILD_DIR}/${FRAMEWORKS_FOLDER_PATH}/leveldb.framework",
				"${TARGET_BUILD_DIR}/${FRAMEWORKS_FOLDER_PATH}/nanopb.framework",
			);
			runOnlyForDeploymentPostprocessing = 0;
			shellPath = /bin/sh;
			shellScript = "\"${SRCROOT}/Pods/Target Support Files/Pods-bbsApp/Pods-bbsApp-frameworks.sh\"\n";
			showEnvVarsInLog = 0;
		};
		5BD0A8EA4BB6A02B1C41A4AE /* [CP] Check Pods Manifest.lock */ = {
			isa = PBXShellScriptBuildPhase;
			buildActionMask = 2147483647;
			files = (
			);
			inputPaths = (
				"${PODS_PODFILE_DIR_PATH}/Podfile.lock",
				"${PODS_ROOT}/Manifest.lock",
			);
			name = "[CP] Check Pods Manifest.lock";
			outputPaths = (
				"$(DERIVED_FILE_DIR)/Pods-bbsApp-checkManifestLockResult.txt",
			);
			runOnlyForDeploymentPostprocessing = 0;
			shellPath = /bin/sh;
			shellScript = "diff \"${PODS_PODFILE_DIR_PATH}/Podfile.lock\" \"${PODS_ROOT}/Manifest.lock\" > /dev/null\nif [ $? != 0 ] ; then\n    # print error to STDERR\n    echo \"error: The sandbox is not in sync with the Podfile.lock. Run 'pod install' or update your CocoaPods installation.\" >&2\n    exit 1\nfi\n# This output is used by Xcode 'outputs' to avoid re-running this script phase.\necho \"SUCCESS\" > \"${SCRIPT_OUTPUT_FILE_0}\"\n";
			showEnvVarsInLog = 0;
		};
		EF5C8A66215AD5A15F331F5E /* [CP] Copy Pods Resources */ = {
			isa = PBXShellScriptBuildPhase;
			buildActionMask = 2147483647;
			files = (
			);
			inputPaths = (
			);
			name = "[CP] Copy Pods Resources";
			outputPaths = (
			);
			runOnlyForDeploymentPostprocessing = 0;
			shellPath = /bin/sh;
			shellScript = "\"${SRCROOT}/Pods/Target Support Files/Pods-bbsApp/Pods-bbsApp-resources.sh\"\n";
			showEnvVarsInLog = 0;
		};
/* End PBXShellScriptBuildPhase section */

/* Begin PBXSourcesBuildPhase section */
		BD23D09B1FDCB26E0037785E /* Sources */ = {
			isa = PBXSourcesBuildPhase;
			buildActionMask = 2147483647;
			files = (
				BD23D0A51FDCB26E0037785E /* ViewController.swift in Sources */,
				8E3AFF3E1FE34C8000754338 /* MeViewController.swift in Sources */,
				8E3AFF3C1FE34C6600754338 /* MostViewedViewController.swift in Sources */,
				BDB1A6BE1FDD362D006D3FF6 /* composeViewController.swift in Sources */,
				BD23D0A31FDCB26E0037785E /* AppDelegate.swift in Sources */,
				BD4367391FDEFDE700C04CF0 /* commentViewController.swift in Sources */,
				8E1872B21FE36C2F0047C767 /* MostRecentViewController.swift in Sources */,
				BD23D0B91FDCC6A30037785E /* textViewController.swift in Sources */,
			);
			runOnlyForDeploymentPostprocessing = 0;
		};
/* End PBXSourcesBuildPhase section */

/* Begin PBXVariantGroup section */
		BD23D0A61FDCB26E0037785E /* Main.storyboard */ = {
			isa = PBXVariantGroup;
			children = (
				BD23D0A71FDCB26E0037785E /* Base */,
			);
			name = Main.storyboard;
			sourceTree = "<group>";
		};
		BD23D0AB1FDCB26E0037785E /* LaunchScreen.storyboard */ = {
			isa = PBXVariantGroup;
			children = (
				BD23D0AC1FDCB26E0037785E /* Base */,
			);
			name = LaunchScreen.storyboard;
			sourceTree = "<group>";
		};
/* End PBXVariantGroup section */

/* Begin XCBuildConfiguration section */
		BD23D0AF1FDCB26E0037785E /* Debug */ = {
			isa = XCBuildConfiguration;
			buildSettings = {
				ALWAYS_SEARCH_USER_PATHS = NO;
				CLANG_ANALYZER_NONNULL = YES;
				CLANG_ANALYZER_NUMBER_OBJECT_CONVERSION = YES_AGGRESSIVE;
				CLANG_CXX_LANGUAGE_STANDARD = "gnu++14";
				CLANG_CXX_LIBRARY = "libc++";
				CLANG_ENABLE_MODULES = YES;
				CLANG_ENABLE_OBJC_ARC = YES;
				CLANG_WARN_BLOCK_CAPTURE_AUTORELEASING = YES;
				CLANG_WARN_BOOL_CONVERSION = YES;
				CLANG_WARN_COMMA = YES;
				CLANG_WARN_CONSTANT_CONVERSION = YES;
				CLANG_WARN_DIRECT_OBJC_ISA_USAGE = YES_ERROR;
				CLANG_WARN_DOCUMENTATION_COMMENTS = YES;
				CLANG_WARN_EMPTY_BODY = YES;
				CLANG_WARN_ENUM_CONVERSION = YES;
				CLANG_WARN_INFINITE_RECURSION = YES;
				CLANG_WARN_INT_CONVERSION = YES;
				CLANG_WARN_NON_LITERAL_NULL_CONVERSION = YES;
				CLANG_WARN_OBJC_LITERAL_CONVERSION = YES;
				CLANG_WARN_OBJC_ROOT_CLASS = YES_ERROR;
				CLANG_WARN_RANGE_LOOP_ANALYSIS = YES;
				CLANG_WARN_STRICT_PROTOTYPES = YES;
				CLANG_WARN_SUSPICIOUS_MOVE = YES;
				CLANG_WARN_UNGUARDED_AVAILABILITY = YES_AGGRESSIVE;
				CLANG_WARN_UNREACHABLE_CODE = YES;
				CLANG_WARN__DUPLICATE_METHOD_MATCH = YES;
				CODE_SIGN_IDENTITY = "iPhone Developer";
				COPY_PHASE_STRIP = NO;
				DEBUG_INFORMATION_FORMAT = dwarf;
				ENABLE_STRICT_OBJC_MSGSEND = YES;
				ENABLE_TESTABILITY = YES;
				GCC_C_LANGUAGE_STANDARD = gnu11;
				GCC_DYNAMIC_NO_PIC = NO;
				GCC_NO_COMMON_BLOCKS = YES;
				GCC_OPTIMIZATION_LEVEL = 0;
				GCC_PREPROCESSOR_DEFINITIONS = (
					"DEBUG=1",
					"$(inherited)",
				);
				GCC_WARN_64_TO_32_BIT_CONVERSION = YES;
				GCC_WARN_ABOUT_RETURN_TYPE = YES_ERROR;
				GCC_WARN_UNDECLARED_SELECTOR = YES;
				GCC_WARN_UNINITIALIZED_AUTOS = YES_AGGRESSIVE;
				GCC_WARN_UNUSED_FUNCTION = YES;
				GCC_WARN_UNUSED_VARIABLE = YES;
				IPHONEOS_DEPLOYMENT_TARGET = 11.1;
				MTL_ENABLE_DEBUG_INFO = YES;
				ONLY_ACTIVE_ARCH = YES;
				SDKROOT = iphoneos;
				SWIFT_ACTIVE_COMPILATION_CONDITIONS = DEBUG;
				SWIFT_OPTIMIZATION_LEVEL = "-Onone";
			};
			name = Debug;
		};
		BD23D0B01FDCB26E0037785E /* Release */ = {
			isa = XCBuildConfiguration;
			buildSettings = {
				ALWAYS_SEARCH_USER_PATHS = NO;
				CLANG_ANALYZER_NONNULL = YES;
				CLANG_ANALYZER_NUMBER_OBJECT_CONVERSION = YES_AGGRESSIVE;
				CLANG_CXX_LANGUAGE_STANDARD = "gnu++14";
				CLANG_CXX_LIBRARY = "libc++";
				CLANG_ENABLE_MODULES = YES;
				CLANG_ENABLE_OBJC_ARC = YES;
				CLANG_WARN_BLOCK_CAPTURE_AUTORELEASING = YES;
				CLANG_WARN_BOOL_CONVERSION = YES;
				CLANG_WARN_COMMA = YES;
				CLANG_WARN_CONSTANT_CONVERSION = YES;
				CLANG_WARN_DIRECT_OBJC_ISA_USAGE = YES_ERROR;
				CLANG_WARN_DOCUMENTATION_COMMENTS = YES;
				CLANG_WARN_EMPTY_BODY = YES;
				CLANG_WARN_ENUM_CONVERSION = YES;
				CLANG_WARN_INFINITE_RECURSION = YES;
				CLANG_WARN_INT_CONVERSION = YES;
				CLANG_WARN_NON_LITERAL_NULL_CONVERSION = YES;
				CLANG_WARN_OBJC_LITERAL_CONVERSION = YES;
				CLANG_WARN_OBJC_ROOT_CLASS = YES_ERROR;
				CLANG_WARN_RANGE_LOOP_ANALYSIS = YES;
				CLANG_WARN_STRICT_PROTOTYPES = YES;
				CLANG_WARN_SUSPICIOUS_MOVE = YES;
				CLANG_WARN_UNGUARDED_AVAILABILITY = YES_AGGRESSIVE;
				CLANG_WARN_UNREACHABLE_CODE = YES;
				CLANG_WARN__DUPLICATE_METHOD_MATCH = YES;
				CODE_SIGN_IDENTITY = "iPhone Developer";
				COPY_PHASE_STRIP = NO;
				DEBUG_INFORMATION_FORMAT = "dwarf-with-dsym";
				ENABLE_NS_ASSERTIONS = NO;
				ENABLE_STRICT_OBJC_MSGSEND = YES;
				GCC_C_LANGUAGE_STANDARD = gnu11;
				GCC_NO_COMMON_BLOCKS = YES;
				GCC_WARN_64_TO_32_BIT_CONVERSION = YES;
				GCC_WARN_ABOUT_RETURN_TYPE = YES_ERROR;
				GCC_WARN_UNDECLARED_SELECTOR = YES;
				GCC_WARN_UNINITIALIZED_AUTOS = YES_AGGRESSIVE;
				GCC_WARN_UNUSED_FUNCTION = YES;
				GCC_WARN_UNUSED_VARIABLE = YES;
				IPHONEOS_DEPLOYMENT_TARGET = 11.1;
				MTL_ENABLE_DEBUG_INFO = NO;
				SDKROOT = iphoneos;
				SWIFT_OPTIMIZATION_LEVEL = "-Owholemodule";
				VALIDATE_PRODUCT = YES;
			};
			name = Release;
		};
		BD23D0B21FDCB26E0037785E /* Debug */ = {
			isa = XCBuildConfiguration;
			baseConfigurationReference = 54106631ECE30DB15730784B /* Pods-bbsApp.debug.xcconfig */;
			buildSettings = {
				ASSETCATALOG_COMPILER_APPICON_NAME = AppIcon;
				CODE_SIGN_STYLE = Automatic;
				DEVELOPMENT_TEAM = PVRPX7P2EQ;
				INFOPLIST_FILE = bbsApp/Info.plist;
				LD_RUNPATH_SEARCH_PATHS = "$(inherited) @executable_path/Frameworks";
				PRODUCT_BUNDLE_IDENTIFIER = cs646.bbsApp;
				PRODUCT_NAME = "$(TARGET_NAME)";
				SWIFT_VERSION = 4.0;
				TARGETED_DEVICE_FAMILY = "1,2";
			};
			name = Debug;
		};
		BD23D0B31FDCB26E0037785E /* Release */ = {
			isa = XCBuildConfiguration;
			baseConfigurationReference = 4876A5A1843CFD9D88E06DC3 /* Pods-bbsApp.release.xcconfig */;
			buildSettings = {
				ASSETCATALOG_COMPILER_APPICON_NAME = AppIcon;
				CODE_SIGN_STYLE = Automatic;
				DEVELOPMENT_TEAM = PVRPX7P2EQ;
				INFOPLIST_FILE = bbsApp/Info.plist;
				LD_RUNPATH_SEARCH_PATHS = "$(inherited) @executable_path/Frameworks";
				PRODUCT_BUNDLE_IDENTIFIER = cs646.bbsApp;
				PRODUCT_NAME = "$(TARGET_NAME)";
				SWIFT_VERSION = 4.0;
				TARGETED_DEVICE_FAMILY = "1,2";
			};
			name = Release;
		};
/* End XCBuildConfiguration section */

/* Begin XCConfigurationList section */
		BD23D09A1FDCB26E0037785E /* Build configuration list for PBXProject "bbsApp" */ = {
			isa = XCConfigurationList;
			buildConfigurations = (
				BD23D0AF1FDCB26E0037785E /* Debug */,
				BD23D0B01FDCB26E0037785E /* Release */,
			);
			defaultConfigurationIsVisible = 0;
			defaultConfigurationName = Release;
		};
		BD23D0B11FDCB26E0037785E /* Build configuration list for PBXNativeTarget "bbsApp" */ = {
			isa = XCConfigurationList;
			buildConfigurations = (
				BD23D0B21FDCB26E0037785E /* Debug */,
				BD23D0B31FDCB26E0037785E /* Release */,
			);
			defaultConfigurationIsVisible = 0;
			defaultConfigurationName = Release;
		};
/* End XCConfigurationList section */
	};
	rootObject = BD23D0971FDCB26E0037785E /* Project object */;
}
